
Microsoft Visual Studio Solution File, Format Version 12.00
# Visual Studio Version 16
VisualStudioVersion = 16.0.30804.86
MinimumVisualStudioVersion = 10.0.40219.1
Project("{FAE04EC0-301F-11D3-BF4B-00C04F79EFBC}") = "WebApp", "WebApp\WebApp.csproj", "{71ECE610-89EB-4EB3-80B1-877BFDE5D311}"
EndProject
Project("{FAE04EC0-301F-11D3-BF4B-00C04F79EFBC}") = "ChinookSyatem", "ChinookSyatem\ChinookSyatem.csproj", "{ADAED8D0-7CE7-49AD-9EDC-AEACFFAAFABE}"
EndProject
Global
	GlobalSection(SolutionConfigurationPlatforms) = preSolution
		Debug|Any CPU = Debug|Any CPU
		Release|Any CPU = Release|Any CPU
	EndGlobalSection
	GlobalSection(ProjectConfigurationPlatforms) = postSolution
		{71ECE610-89EB-4EB3-80B1-877BFDE5D311}.Debug|Any CPU.ActiveCfg = Debug|Any CPU
		{71ECE610-89EB-4EB3-80B1-877BFDE5D311}.Debug|Any CPU.Build.0 = Debug|Any CPU
		{71ECE610-89EB-4EB3-80B1-877BFDE5D311}.Release|Any CPU.ActiveCfg = Release|Any CPU
		{71ECE610-89EB-4EB3-80B1-877BFDE5D311}.Release|Any CPU.Build.0 = Release|Any CPU
		{ADAED8D0-7CE7-49AD-9EDC-AEACFFAAFABE}.Debug|Any CPU.ActiveCfg = Debug|Any CPU
		{ADAED8D0-7CE7-49AD-9EDC-AEACFFAAFABE}.Debug|Any CPU.Build.0 = Debug|Any CPU
		{ADAED8D0-7CE7-49AD-9EDC-AEACFFAAFABE}.Release|Any CPU.ActiveCfg = Release|Any CPU
		{ADAED8D0-7CE7-49AD-9EDC-AEACFFAAFABE}.Release|Any CPU.Build.0 = Release|Any CPU
	EndGlobalSection
	GlobalSection(SolutionProperties) = preSolution
		HideSolutionNode = FALSE
	EndGlobalSection
	GlobalSection(ExtensibilityGlobals) = postSolution
		SolutionGuid = {01D7F8EE-8A2A-4BA6-9578-9060B515EFC0}
	EndGlobalSection
EndGlobal
